
Microsoft Visual Studio Solution File, Format Version 11.00
# Visual Studio 2010
Project("{FAE04EC0-301F-11D3-BF4B-00C04F79EFBC}") = "SavariWala", "SavariWala\SavariWala.csproj", "{E357FAE2-1D96-477E-A114-1D3E2478D196}"
EndProject
Project("{FAE04EC0-301F-11D3-BF4B-00C04F79EFBC}") = "FacebookSample.Android", "..\..\Code\facebook-sdk-6.2.1\samples\FacebookSample.Android\FacebookSample.Android\FacebookSample.Android.csproj", "{FCFFF4C1-BCB0-4450-9EA0-18DF1B31B0DE}"
EndProject
Project("{FAE04EC0-301F-11D3-BF4B-00C04F79EFBC}") = "SimpleMapDemo", "..\..\Downloads\MapsAndLocationDemo_v3\SimpleMapDemo\SimpleMapDemo.csproj", "{9999E674-10DA-49B2-91B3-D861F058939F}"
EndProject
Global
	GlobalSection(SolutionConfigurationPlatforms) = preSolution
		Debug|Any CPU = Debug|Any CPU
		Release|Any CPU = Release|Any CPU
		Debug_Froyo|Any CPU = Debug_Froyo|Any CPU
	EndGlobalSection
	GlobalSection(ProjectConfigurationPlatforms) = postSolution
		{9999E674-10DA-49B2-91B3-D861F058939F}.Debug_Froyo|Any CPU.ActiveCfg = Debug_Froyo|Any CPU
		{9999E674-10DA-49B2-91B3-D861F058939F}.Debug_Froyo|Any CPU.Build.0 = Debug_Froyo|Any CPU
		{9999E674-10DA-49B2-91B3-D861F058939F}.Debug|Any CPU.ActiveCfg = Debug|Any CPU
		{9999E674-10DA-49B2-91B3-D861F058939F}.Debug|Any CPU.Build.0 = Debug|Any CPU
		{9999E674-10DA-49B2-91B3-D861F058939F}.Release|Any CPU.ActiveCfg = Debug|Any CPU
		{9999E674-10DA-49B2-91B3-D861F058939F}.Release|Any CPU.Build.0 = Debug|Any CPU
		{E357FAE2-1D96-477E-A114-1D3E2478D196}.Debug_Froyo|Any CPU.ActiveCfg = Debug|Any CPU
		{E357FAE2-1D96-477E-A114-1D3E2478D196}.Debug_Froyo|Any CPU.Build.0 = Debug|Any CPU
		{E357FAE2-1D96-477E-A114-1D3E2478D196}.Debug|Any CPU.ActiveCfg = Debug|Any CPU
		{E357FAE2-1D96-477E-A114-1D3E2478D196}.Debug|Any CPU.Build.0 = Debug|Any CPU
		{E357FAE2-1D96-477E-A114-1D3E2478D196}.Release|Any CPU.ActiveCfg = Release|Any CPU
		{E357FAE2-1D96-477E-A114-1D3E2478D196}.Release|Any CPU.Build.0 = Release|Any CPU
		{FCFFF4C1-BCB0-4450-9EA0-18DF1B31B0DE}.Debug_Froyo|Any CPU.ActiveCfg = Debug|Any CPU
		{FCFFF4C1-BCB0-4450-9EA0-18DF1B31B0DE}.Debug_Froyo|Any CPU.Build.0 = Debug|Any CPU
		{FCFFF4C1-BCB0-4450-9EA0-18DF1B31B0DE}.Debug|Any CPU.ActiveCfg = Debug|Any CPU
		{FCFFF4C1-BCB0-4450-9EA0-18DF1B31B0DE}.Debug|Any CPU.Build.0 = Debug|Any CPU
		{FCFFF4C1-BCB0-4450-9EA0-18DF1B31B0DE}.Release|Any CPU.ActiveCfg = Release|Any CPU
		{FCFFF4C1-BCB0-4450-9EA0-18DF1B31B0DE}.Release|Any CPU.Build.0 = Release|Any CPU
	EndGlobalSection
	GlobalSection(MonoDevelopProperties) = preSolution
		StartupItem = SavariWala\SavariWala.csproj
	EndGlobalSection
EndGlobal
