
Microsoft Visual Studio Solution File, Format Version 11.00
# Visual Studio 2010
Project("{FAE04EC0-301F-11D3-BF4B-00C04F79EFBC}") = "SavariWala", "SavariWala\SavariWala.csproj", "{E357FAE2-1D96-477E-A114-1D3E2478D196}"
EndProject
Project("{FAE04EC0-301F-11D3-BF4B-00C04F79EFBC}") = "MTDWalkthrough", "..\..\..\Downloads\MTDWalkthrough\MTDWalkthrough.csproj", "{668E9122-90F7-4F6A-A9A2-553BE8267165}"
EndProject
Project("{FAE04EC0-301F-11D3-BF4B-00C04F79EFBC}") = "MTDReflectionWalkthrough", "..\..\..\Downloads\MTDReflectionWalkthrough\MTDReflectionWalkthrough.csproj", "{D718F82C-1F49-4C44-ABC0-C82B9A34C020}"
EndProject
Project("{FAE04EC0-301F-11D3-BF4B-00C04F79EFBC}") = "MTDJsonDemo", "..\..\..\Downloads\MTDJsonDemo\MTDJsonDemo.csproj", "{CEBCEAD4-1FBD-41B0-82A0-1694E9978AFE}"
EndProject
Project("{FAE04EC0-301F-11D3-BF4B-00C04F79EFBC}") = "Ios", "Ios\Ios.csproj", "{5A8C8D2B-348B-4212-B7D2-CD0EAE2F25F9}"
EndProject
Project("{FAE04EC0-301F-11D3-BF4B-00C04F79EFBC}") = "FacebookSample.iOS", "Components\facebook-sdk-6.2.1\samples\FacebookSample.iOS\FacebookSample.iOS\FacebookSample.iOS.csproj", "{0E8DFE42-4353-427C-92CA-8EB8DB07AC94}"
EndProject
Project("{FAE04EC0-301F-11D3-BF4B-00C04F79EFBC}") = "Hello_MultiScreen_iPhone", "..\..\..\Downloads\Hello_MultiScreen_iPhone\Hello_MultiScreen_iPhone.csproj", "{A10944A3-80E8-4A8D-A6F5-1A10606AAE60}"
EndProject
Global
	GlobalSection(SolutionConfigurationPlatforms) = preSolution
		Debug|Any CPU = Debug|Any CPU
		Release|Any CPU = Release|Any CPU
		Debug_Froyo|Any CPU = Debug_Froyo|Any CPU
		Debug|iPhoneSimulator = Debug|iPhoneSimulator
		Release|iPhoneSimulator = Release|iPhoneSimulator
		Debug|iPhone = Debug|iPhone
		Release|iPhone = Release|iPhone
		Ad-Hoc|iPhone = Ad-Hoc|iPhone
		AppStore|iPhone = AppStore|iPhone
	EndGlobalSection
	GlobalSection(ProjectConfigurationPlatforms) = postSolution
		{0E8DFE42-4353-427C-92CA-8EB8DB07AC94}.Ad-Hoc|iPhone.ActiveCfg = Ad-Hoc|iPhone
		{0E8DFE42-4353-427C-92CA-8EB8DB07AC94}.Ad-Hoc|iPhone.Build.0 = Ad-Hoc|iPhone
		{0E8DFE42-4353-427C-92CA-8EB8DB07AC94}.AppStore|iPhone.ActiveCfg = AppStore|iPhone
		{0E8DFE42-4353-427C-92CA-8EB8DB07AC94}.AppStore|iPhone.Build.0 = AppStore|iPhone
		{0E8DFE42-4353-427C-92CA-8EB8DB07AC94}.Debug_Froyo|Any CPU.ActiveCfg = Debug|iPhoneSimulator
		{0E8DFE42-4353-427C-92CA-8EB8DB07AC94}.Debug_Froyo|Any CPU.Build.0 = Debug|iPhoneSimulator
		{0E8DFE42-4353-427C-92CA-8EB8DB07AC94}.Debug|Any CPU.ActiveCfg = Debug|iPhoneSimulator
		{0E8DFE42-4353-427C-92CA-8EB8DB07AC94}.Debug|Any CPU.Build.0 = Debug|iPhoneSimulator
		{0E8DFE42-4353-427C-92CA-8EB8DB07AC94}.Debug|iPhone.ActiveCfg = Debug|iPhone
		{0E8DFE42-4353-427C-92CA-8EB8DB07AC94}.Debug|iPhone.Build.0 = Debug|iPhone
		{0E8DFE42-4353-427C-92CA-8EB8DB07AC94}.Debug|iPhoneSimulator.ActiveCfg = Debug|iPhoneSimulator
		{0E8DFE42-4353-427C-92CA-8EB8DB07AC94}.Debug|iPhoneSimulator.Build.0 = Debug|iPhoneSimulator
		{0E8DFE42-4353-427C-92CA-8EB8DB07AC94}.Release|Any CPU.ActiveCfg = Release|iPhoneSimulator
		{0E8DFE42-4353-427C-92CA-8EB8DB07AC94}.Release|Any CPU.Build.0 = Release|iPhoneSimulator
		{0E8DFE42-4353-427C-92CA-8EB8DB07AC94}.Release|iPhone.ActiveCfg = Release|iPhone
		{0E8DFE42-4353-427C-92CA-8EB8DB07AC94}.Release|iPhone.Build.0 = Release|iPhone
		{0E8DFE42-4353-427C-92CA-8EB8DB07AC94}.Release|iPhoneSimulator.ActiveCfg = Release|iPhoneSimulator
		{0E8DFE42-4353-427C-92CA-8EB8DB07AC94}.Release|iPhoneSimulator.Build.0 = Release|iPhoneSimulator
		{5A8C8D2B-348B-4212-B7D2-CD0EAE2F25F9}.Ad-Hoc|iPhone.ActiveCfg = Ad-Hoc|iPhone
		{5A8C8D2B-348B-4212-B7D2-CD0EAE2F25F9}.Ad-Hoc|iPhone.Build.0 = Ad-Hoc|iPhone
		{5A8C8D2B-348B-4212-B7D2-CD0EAE2F25F9}.AppStore|iPhone.ActiveCfg = AppStore|iPhone
		{5A8C8D2B-348B-4212-B7D2-CD0EAE2F25F9}.AppStore|iPhone.Build.0 = AppStore|iPhone
		{5A8C8D2B-348B-4212-B7D2-CD0EAE2F25F9}.Debug_Froyo|Any CPU.ActiveCfg = Debug|iPhoneSimulator
		{5A8C8D2B-348B-4212-B7D2-CD0EAE2F25F9}.Debug_Froyo|Any CPU.Build.0 = Debug|iPhoneSimulator
		{5A8C8D2B-348B-4212-B7D2-CD0EAE2F25F9}.Debug|Any CPU.ActiveCfg = Debug|iPhoneSimulator
		{5A8C8D2B-348B-4212-B7D2-CD0EAE2F25F9}.Debug|Any CPU.Build.0 = Debug|iPhoneSimulator
		{5A8C8D2B-348B-4212-B7D2-CD0EAE2F25F9}.Debug|iPhone.ActiveCfg = Debug|iPhone
		{5A8C8D2B-348B-4212-B7D2-CD0EAE2F25F9}.Debug|iPhone.Build.0 = Debug|iPhone
		{5A8C8D2B-348B-4212-B7D2-CD0EAE2F25F9}.Debug|iPhoneSimulator.ActiveCfg = Debug|iPhoneSimulator
		{5A8C8D2B-348B-4212-B7D2-CD0EAE2F25F9}.Debug|iPhoneSimulator.Build.0 = Debug|iPhoneSimulator
		{5A8C8D2B-348B-4212-B7D2-CD0EAE2F25F9}.Release|Any CPU.ActiveCfg = Release|iPhoneSimulator
		{5A8C8D2B-348B-4212-B7D2-CD0EAE2F25F9}.Release|Any CPU.Build.0 = Release|iPhoneSimulator
		{5A8C8D2B-348B-4212-B7D2-CD0EAE2F25F9}.Release|iPhone.ActiveCfg = Release|iPhone
		{5A8C8D2B-348B-4212-B7D2-CD0EAE2F25F9}.Release|iPhone.Build.0 = Release|iPhone
		{5A8C8D2B-348B-4212-B7D2-CD0EAE2F25F9}.Release|iPhoneSimulator.ActiveCfg = Release|iPhoneSimulator
		{5A8C8D2B-348B-4212-B7D2-CD0EAE2F25F9}.Release|iPhoneSimulator.Build.0 = Release|iPhoneSimulator
		{668E9122-90F7-4F6A-A9A2-553BE8267165}.Ad-Hoc|iPhone.ActiveCfg = Debug|iPhone
		{668E9122-90F7-4F6A-A9A2-553BE8267165}.Ad-Hoc|iPhone.Build.0 = Debug|iPhone
		{668E9122-90F7-4F6A-A9A2-553BE8267165}.AppStore|iPhone.ActiveCfg = Debug|iPhone
		{668E9122-90F7-4F6A-A9A2-553BE8267165}.AppStore|iPhone.Build.0 = Debug|iPhone
		{668E9122-90F7-4F6A-A9A2-553BE8267165}.Debug_Froyo|Any CPU.ActiveCfg = Debug|iPhoneSimulator
		{668E9122-90F7-4F6A-A9A2-553BE8267165}.Debug_Froyo|Any CPU.Build.0 = Debug|iPhoneSimulator
		{668E9122-90F7-4F6A-A9A2-553BE8267165}.Debug|Any CPU.ActiveCfg = Debug|iPhoneSimulator
		{668E9122-90F7-4F6A-A9A2-553BE8267165}.Debug|Any CPU.Build.0 = Debug|iPhoneSimulator
		{668E9122-90F7-4F6A-A9A2-553BE8267165}.Debug|iPhone.ActiveCfg = Debug|iPhone
		{668E9122-90F7-4F6A-A9A2-553BE8267165}.Debug|iPhone.Build.0 = Debug|iPhone
		{668E9122-90F7-4F6A-A9A2-553BE8267165}.Debug|iPhoneSimulator.ActiveCfg = Debug|iPhoneSimulator
		{668E9122-90F7-4F6A-A9A2-553BE8267165}.Debug|iPhoneSimulator.Build.0 = Debug|iPhoneSimulator
		{668E9122-90F7-4F6A-A9A2-553BE8267165}.Release|Any CPU.ActiveCfg = Release|iPhoneSimulator
		{668E9122-90F7-4F6A-A9A2-553BE8267165}.Release|Any CPU.Build.0 = Release|iPhoneSimulator
		{668E9122-90F7-4F6A-A9A2-553BE8267165}.Release|iPhone.ActiveCfg = Release|iPhone
		{668E9122-90F7-4F6A-A9A2-553BE8267165}.Release|iPhone.Build.0 = Release|iPhone
		{668E9122-90F7-4F6A-A9A2-553BE8267165}.Release|iPhoneSimulator.ActiveCfg = Release|iPhoneSimulator
		{668E9122-90F7-4F6A-A9A2-553BE8267165}.Release|iPhoneSimulator.Build.0 = Release|iPhoneSimulator
		{A10944A3-80E8-4A8D-A6F5-1A10606AAE60}.Ad-Hoc|iPhone.ActiveCfg = Debug|iPhone
		{A10944A3-80E8-4A8D-A6F5-1A10606AAE60}.Ad-Hoc|iPhone.Build.0 = Debug|iPhone
		{A10944A3-80E8-4A8D-A6F5-1A10606AAE60}.AppStore|iPhone.ActiveCfg = Debug|iPhone
		{A10944A3-80E8-4A8D-A6F5-1A10606AAE60}.AppStore|iPhone.Build.0 = Debug|iPhone
		{A10944A3-80E8-4A8D-A6F5-1A10606AAE60}.Debug_Froyo|Any CPU.ActiveCfg = Debug|iPhoneSimulator
		{A10944A3-80E8-4A8D-A6F5-1A10606AAE60}.Debug_Froyo|Any CPU.Build.0 = Debug|iPhoneSimulator
		{A10944A3-80E8-4A8D-A6F5-1A10606AAE60}.Debug|Any CPU.ActiveCfg = Debug|iPhoneSimulator
		{A10944A3-80E8-4A8D-A6F5-1A10606AAE60}.Debug|Any CPU.Build.0 = Debug|iPhoneSimulator
		{A10944A3-80E8-4A8D-A6F5-1A10606AAE60}.Debug|iPhone.ActiveCfg = Debug|iPhone
		{A10944A3-80E8-4A8D-A6F5-1A10606AAE60}.Debug|iPhone.Build.0 = Debug|iPhone
		{A10944A3-80E8-4A8D-A6F5-1A10606AAE60}.Debug|iPhoneSimulator.ActiveCfg = Debug|iPhoneSimulator
		{A10944A3-80E8-4A8D-A6F5-1A10606AAE60}.Debug|iPhoneSimulator.Build.0 = Debug|iPhoneSimulator
		{A10944A3-80E8-4A8D-A6F5-1A10606AAE60}.Release|Any CPU.ActiveCfg = Release|iPhoneSimulator
		{A10944A3-80E8-4A8D-A6F5-1A10606AAE60}.Release|Any CPU.Build.0 = Release|iPhoneSimulator
		{A10944A3-80E8-4A8D-A6F5-1A10606AAE60}.Release|iPhone.ActiveCfg = Release|iPhone
		{A10944A3-80E8-4A8D-A6F5-1A10606AAE60}.Release|iPhone.Build.0 = Release|iPhone
		{A10944A3-80E8-4A8D-A6F5-1A10606AAE60}.Release|iPhoneSimulator.ActiveCfg = Release|iPhoneSimulator
		{A10944A3-80E8-4A8D-A6F5-1A10606AAE60}.Release|iPhoneSimulator.Build.0 = Release|iPhoneSimulator
		{CEBCEAD4-1FBD-41B0-82A0-1694E9978AFE}.Ad-Hoc|iPhone.ActiveCfg = Debug|iPhone
		{CEBCEAD4-1FBD-41B0-82A0-1694E9978AFE}.Ad-Hoc|iPhone.Build.0 = Debug|iPhone
		{CEBCEAD4-1FBD-41B0-82A0-1694E9978AFE}.AppStore|iPhone.ActiveCfg = Debug|iPhone
		{CEBCEAD4-1FBD-41B0-82A0-1694E9978AFE}.AppStore|iPhone.Build.0 = Debug|iPhone
		{CEBCEAD4-1FBD-41B0-82A0-1694E9978AFE}.Debug_Froyo|Any CPU.ActiveCfg = Debug|iPhoneSimulator
		{CEBCEAD4-1FBD-41B0-82A0-1694E9978AFE}.Debug_Froyo|Any CPU.Build.0 = Debug|iPhoneSimulator
		{CEBCEAD4-1FBD-41B0-82A0-1694E9978AFE}.Debug|Any CPU.ActiveCfg = Debug|iPhoneSimulator
		{CEBCEAD4-1FBD-41B0-82A0-1694E9978AFE}.Debug|Any CPU.Build.0 = Debug|iPhoneSimulator
		{CEBCEAD4-1FBD-41B0-82A0-1694E9978AFE}.Debug|iPhone.ActiveCfg = Debug|iPhone
		{CEBCEAD4-1FBD-41B0-82A0-1694E9978AFE}.Debug|iPhone.Build.0 = Debug|iPhone
		{CEBCEAD4-1FBD-41B0-82A0-1694E9978AFE}.Debug|iPhoneSimulator.ActiveCfg = Debug|iPhoneSimulator
		{CEBCEAD4-1FBD-41B0-82A0-1694E9978AFE}.Debug|iPhoneSimulator.Build.0 = Debug|iPhoneSimulator
		{CEBCEAD4-1FBD-41B0-82A0-1694E9978AFE}.Release|Any CPU.ActiveCfg = Release|iPhoneSimulator
		{CEBCEAD4-1FBD-41B0-82A0-1694E9978AFE}.Release|Any CPU.Build.0 = Release|iPhoneSimulator
		{CEBCEAD4-1FBD-41B0-82A0-1694E9978AFE}.Release|iPhone.ActiveCfg = Release|iPhone
		{CEBCEAD4-1FBD-41B0-82A0-1694E9978AFE}.Release|iPhone.Build.0 = Release|iPhone
		{CEBCEAD4-1FBD-41B0-82A0-1694E9978AFE}.Release|iPhoneSimulator.ActiveCfg = Release|iPhoneSimulator
		{CEBCEAD4-1FBD-41B0-82A0-1694E9978AFE}.Release|iPhoneSimulator.Build.0 = Release|iPhoneSimulator
		{D718F82C-1F49-4C44-ABC0-C82B9A34C020}.Ad-Hoc|iPhone.ActiveCfg = Debug|iPhone
		{D718F82C-1F49-4C44-ABC0-C82B9A34C020}.Ad-Hoc|iPhone.Build.0 = Debug|iPhone
		{D718F82C-1F49-4C44-ABC0-C82B9A34C020}.AppStore|iPhone.ActiveCfg = Debug|iPhone
		{D718F82C-1F49-4C44-ABC0-C82B9A34C020}.AppStore|iPhone.Build.0 = Debug|iPhone
		{D718F82C-1F49-4C44-ABC0-C82B9A34C020}.Debug_Froyo|Any CPU.ActiveCfg = Debug|iPhoneSimulator
		{D718F82C-1F49-4C44-ABC0-C82B9A34C020}.Debug_Froyo|Any CPU.Build.0 = Debug|iPhoneSimulator
		{D718F82C-1F49-4C44-ABC0-C82B9A34C020}.Debug|Any CPU.ActiveCfg = Debug|iPhoneSimulator
		{D718F82C-1F49-4C44-ABC0-C82B9A34C020}.Debug|Any CPU.Build.0 = Debug|iPhoneSimulator
		{D718F82C-1F49-4C44-ABC0-C82B9A34C020}.Debug|iPhone.ActiveCfg = Debug|iPhone
		{D718F82C-1F49-4C44-ABC0-C82B9A34C020}.Debug|iPhone.Build.0 = Debug|iPhone
		{D718F82C-1F49-4C44-ABC0-C82B9A34C020}.Debug|iPhoneSimulator.ActiveCfg = Debug|iPhoneSimulator
		{D718F82C-1F49-4C44-ABC0-C82B9A34C020}.Debug|iPhoneSimulator.Build.0 = Debug|iPhoneSimulator
		{D718F82C-1F49-4C44-ABC0-C82B9A34C020}.Release|Any CPU.ActiveCfg = Release|iPhoneSimulator
		{D718F82C-1F49-4C44-ABC0-C82B9A34C020}.Release|Any CPU.Build.0 = Release|iPhoneSimulator
		{D718F82C-1F49-4C44-ABC0-C82B9A34C020}.Release|iPhone.ActiveCfg = Release|iPhone
		{D718F82C-1F49-4C44-ABC0-C82B9A34C020}.Release|iPhone.Build.0 = Release|iPhone
		{D718F82C-1F49-4C44-ABC0-C82B9A34C020}.Release|iPhoneSimulator.ActiveCfg = Release|iPhoneSimulator
		{D718F82C-1F49-4C44-ABC0-C82B9A34C020}.Release|iPhoneSimulator.Build.0 = Release|iPhoneSimulator
		{E357FAE2-1D96-477E-A114-1D3E2478D196}.Ad-Hoc|iPhone.ActiveCfg = Debug|Any CPU
		{E357FAE2-1D96-477E-A114-1D3E2478D196}.Ad-Hoc|iPhone.Build.0 = Debug|Any CPU
		{E357FAE2-1D96-477E-A114-1D3E2478D196}.AppStore|iPhone.ActiveCfg = Debug|Any CPU
		{E357FAE2-1D96-477E-A114-1D3E2478D196}.AppStore|iPhone.Build.0 = Debug|Any CPU
		{E357FAE2-1D96-477E-A114-1D3E2478D196}.Debug_Froyo|Any CPU.ActiveCfg = Debug|Any CPU
		{E357FAE2-1D96-477E-A114-1D3E2478D196}.Debug_Froyo|Any CPU.Build.0 = Debug|Any CPU
		{E357FAE2-1D96-477E-A114-1D3E2478D196}.Debug|Any CPU.ActiveCfg = Debug|Any CPU
		{E357FAE2-1D96-477E-A114-1D3E2478D196}.Debug|Any CPU.Build.0 = Debug|Any CPU
		{E357FAE2-1D96-477E-A114-1D3E2478D196}.Debug|iPhone.ActiveCfg = Debug|Any CPU
		{E357FAE2-1D96-477E-A114-1D3E2478D196}.Debug|iPhone.Build.0 = Debug|Any CPU
		{E357FAE2-1D96-477E-A114-1D3E2478D196}.Debug|iPhoneSimulator.ActiveCfg = Debug|Any CPU
		{E357FAE2-1D96-477E-A114-1D3E2478D196}.Debug|iPhoneSimulator.Build.0 = Debug|Any CPU
		{E357FAE2-1D96-477E-A114-1D3E2478D196}.Release|Any CPU.ActiveCfg = Release|Any CPU
		{E357FAE2-1D96-477E-A114-1D3E2478D196}.Release|Any CPU.Build.0 = Release|Any CPU
		{E357FAE2-1D96-477E-A114-1D3E2478D196}.Release|iPhone.ActiveCfg = Release|Any CPU
		{E357FAE2-1D96-477E-A114-1D3E2478D196}.Release|iPhone.Build.0 = Release|Any CPU
		{E357FAE2-1D96-477E-A114-1D3E2478D196}.Release|iPhoneSimulator.ActiveCfg = Release|Any CPU
		{E357FAE2-1D96-477E-A114-1D3E2478D196}.Release|iPhoneSimulator.Build.0 = Release|Any CPU
	EndGlobalSection
	GlobalSection(MonoDevelopProperties) = preSolution
		StartupItem = SavariWala\SavariWala.csproj
	EndGlobalSection
EndGlobal
